// !$*UTF8*$!
{
	archiveVersion = 1;
	classes = {
	};
	objectVersion = 56;
	objects = {

/* Begin PBXBuildFile section */
		3FE165512C7D117A0001DEBA /* EffectiveMobile_TodoApp.swift in Sources */ = {isa = PBXBuildFile; fileRef = 3FE165502C7D117A0001DEBA /* EffectiveMobile_TodoApp.swift */; };
		3FE165532C7D117A0001DEBA /* ContentView.swift in Sources */ = {isa = PBXBuildFile; fileRef = 3FE165522C7D117A0001DEBA /* ContentView.swift */; };
		3FE165552C7D117B0001DEBA /* Assets.xcassets in Resources */ = {isa = PBXBuildFile; fileRef = 3FE165542C7D117B0001DEBA /* Assets.xcassets */; };
		3FE165582C7D117B0001DEBA /* Preview Assets.xcassets in Resources */ = {isa = PBXBuildFile; fileRef = 3FE165572C7D117B0001DEBA /* Preview Assets.xcassets */; };
		3FE165602C7D12320001DEBA /* DataModel.xcdatamodeld in Sources */ = {isa = PBXBuildFile; fileRef = 3FE1655E2C7D12320001DEBA /* DataModel.xcdatamodeld */; };
		3FE165622C7D17550001DEBA /* TodoModel_CoreData.swift in Sources */ = {isa = PBXBuildFile; fileRef = 3FE165612C7D17550001DEBA /* TodoModel_CoreData.swift */; };
		3FE165642C7D17810001DEBA /* CoreDataStorageService.swift in Sources */ = {isa = PBXBuildFile; fileRef = 3FE165632C7D17810001DEBA /* CoreDataStorageService.swift */; };
		3FE165662C7D17B00001DEBA /* ToDoModel.swift in Sources */ = {isa = PBXBuildFile; fileRef = 3FE165652C7D17B00001DEBA /* ToDoModel.swift */; };
		3FE1656E2C7D18760001DEBA /* TodoRow.swift in Sources */ = {isa = PBXBuildFile; fileRef = 3FE1656D2C7D18760001DEBA /* TodoRow.swift */; };
		3FE165702C7D188E0001DEBA /* AddTodoView.swift in Sources */ = {isa = PBXBuildFile; fileRef = 3FE1656F2C7D188E0001DEBA /* AddTodoView.swift */; };
		3FE165722C7D18AA0001DEBA /* Presenter.swift in Sources */ = {isa = PBXBuildFile; fileRef = 3FE165712C7D18AA0001DEBA /* Presenter.swift */; };
		3FE165742C7D18CF0001DEBA /* Interactor.swift in Sources */ = {isa = PBXBuildFile; fileRef = 3FE165732C7D18CF0001DEBA /* Interactor.swift */; };
		3FE165762C7D18E40001DEBA /* Router.swift in Sources */ = {isa = PBXBuildFile; fileRef = 3FE165752C7D18E40001DEBA /* Router.swift */; };
		3FE165792C7D19560001DEBA /* NetworkService.swift in Sources */ = {isa = PBXBuildFile; fileRef = 3FE165782C7D19560001DEBA /* NetworkService.swift */; };
		3FE1657B2C7D19960001DEBA /* Persistence.swift in Sources */ = {isa = PBXBuildFile; fileRef = 3FE1657A2C7D19950001DEBA /* Persistence.swift */; };
		3FE1657E2C7D1A220001DEBA /* Operations.swift in Sources */ = {isa = PBXBuildFile; fileRef = 3FE1657D2C7D1A220001DEBA /* Operations.swift */; };
		3FE165802C7DCC620001DEBA /* UpdateTodoView.swift in Sources */ = {isa = PBXBuildFile; fileRef = 3FE1657F2C7DCC620001DEBA /* UpdateTodoView.swift */; };
/* End PBXBuildFile section */

/* Begin PBXFileReference section */
		3FE1654D2C7D117A0001DEBA /* EffectiveMobile_Todo.app */ = {isa = PBXFileReference; explicitFileType = wrapper.application; includeInIndex = 0; path = EffectiveMobile_Todo.app; sourceTree = BUILT_PRODUCTS_DIR; };
		3FE165502C7D117A0001DEBA /* EffectiveMobile_TodoApp.swift */ = {isa = PBXFileReference; lastKnownFileType = sourcecode.swift; path = EffectiveMobile_TodoApp.swift; sourceTree = "<group>"; };
		3FE165522C7D117A0001DEBA /* ContentView.swift */ = {isa = PBXFileReference; lastKnownFileType = sourcecode.swift; path = ContentView.swift; sourceTree = "<group>"; };
		3FE165542C7D117B0001DEBA /* Assets.xcassets */ = {isa = PBXFileReference; lastKnownFileType = folder.assetcatalog; path = Assets.xcassets; sourceTree = "<group>"; };
		3FE165572C7D117B0001DEBA /* Preview Assets.xcassets */ = {isa = PBXFileReference; lastKnownFileType = folder.assetcatalog; path = "Preview Assets.xcassets"; sourceTree = "<group>"; };
		3FE1655F2C7D12320001DEBA /* DataModel.xcdatamodel */ = {isa = PBXFileReference; lastKnownFileType = wrapper.xcdatamodel; path = DataModel.xcdatamodel; sourceTree = "<group>"; };
		3FE165612C7D17550001DEBA /* TodoModel_CoreData.swift */ = {isa = PBXFileReference; lastKnownFileType = sourcecode.swift; path = TodoModel_CoreData.swift; sourceTree = "<group>"; };
		3FE165632C7D17810001DEBA /* CoreDataStorageService.swift */ = {isa = PBXFileReference; lastKnownFileType = sourcecode.swift; path = CoreDataStorageService.swift; sourceTree = "<group>"; };
		3FE165652C7D17B00001DEBA /* ToDoModel.swift */ = {isa = PBXFileReference; lastKnownFileType = sourcecode.swift; path = ToDoModel.swift; sourceTree = "<group>"; };
		3FE1656D2C7D18760001DEBA /* TodoRow.swift */ = {isa = PBXFileReference; lastKnownFileType = sourcecode.swift; path = TodoRow.swift; sourceTree = "<group>"; };
		3FE1656F2C7D188E0001DEBA /* AddTodoView.swift */ = {isa = PBXFileReference; lastKnownFileType = sourcecode.swift; path = AddTodoView.swift; sourceTree = "<group>"; };
		3FE165712C7D18AA0001DEBA /* Presenter.swift */ = {isa = PBXFileReference; lastKnownFileType = sourcecode.swift; path = Presenter.swift; sourceTree = "<group>"; };
		3FE165732C7D18CF0001DEBA /* Interactor.swift */ = {isa = PBXFileReference; lastKnownFileType = sourcecode.swift; path = Interactor.swift; sourceTree = "<group>"; };
		3FE165752C7D18E40001DEBA /* Router.swift */ = {isa = PBXFileReference; lastKnownFileType = sourcecode.swift; path = Router.swift; sourceTree = "<group>"; };
		3FE165782C7D19560001DEBA /* NetworkService.swift */ = {isa = PBXFileReference; lastKnownFileType = sourcecode.swift; path = NetworkService.swift; sourceTree = "<group>"; };
		3FE1657A2C7D19950001DEBA /* Persistence.swift */ = {isa = PBXFileReference; lastKnownFileType = sourcecode.swift; path = Persistence.swift; sourceTree = "<group>"; };
		3FE1657D2C7D1A220001DEBA /* Operations.swift */ = {isa = PBXFileReference; lastKnownFileType = sourcecode.swift; path = Operations.swift; sourceTree = "<group>"; };
		3FE1657F2C7DCC620001DEBA /* UpdateTodoView.swift */ = {isa = PBXFileReference; lastKnownFileType = sourcecode.swift; path = UpdateTodoView.swift; sourceTree = "<group>"; };
/* End PBXFileReference section */

/* Begin PBXFrameworksBuildPhase section */
		3FE1654A2C7D117A0001DEBA /* Frameworks */ = {
			isa = PBXFrameworksBuildPhase;
			buildActionMask = 2147483647;
			files = (
			);
			runOnlyForDeploymentPostprocessing = 0;
		};
/* End PBXFrameworksBuildPhase section */

/* Begin PBXGroup section */
		3FE165442C7D117A0001DEBA = {
			isa = PBXGroup;
			children = (
				3FE1654F2C7D117A0001DEBA /* EffectiveMobile_Todo */,
				3FE1654E2C7D117A0001DEBA /* Products */,
			);
			sourceTree = "<group>";
		};
		3FE1654E2C7D117A0001DEBA /* Products */ = {
			isa = PBXGroup;
			children = (
				3FE1654D2C7D117A0001DEBA /* EffectiveMobile_Todo.app */,
			);
			name = Products;
			sourceTree = "<group>";
		};
		3FE1654F2C7D117A0001DEBA /* EffectiveMobile_Todo */ = {
			isa = PBXGroup;
			children = (
				3FE165682C7D17DE0001DEBA /* Views */,
				3FE1656C2C7D18550001DEBA /* Interactors */,
				3FE1656B2C7D18470001DEBA /* Presenters */,
				3FE165672C7D17CF0001DEBA /* Entities */,
				3FE1656A2C7D17FC0001DEBA /* Router */,
				3FE165502C7D117A0001DEBA /* EffectiveMobile_TodoApp.swift */,
				3FE165772C7D19180001DEBA /* Services */,
				3FE1657C2C7D19C00001DEBA /* CoreData */,
				3FE165542C7D117B0001DEBA /* Assets.xcassets */,
				3FE165562C7D117B0001DEBA /* Preview Content */,
			);
			path = EffectiveMobile_Todo;
			sourceTree = "<group>";
		};
		3FE165562C7D117B0001DEBA /* Preview Content */ = {
			isa = PBXGroup;
			children = (
				3FE165572C7D117B0001DEBA /* Preview Assets.xcassets */,
			);
			path = "Preview Content";
			sourceTree = "<group>";
		};
		3FE165672C7D17CF0001DEBA /* Entities */ = {
			isa = PBXGroup;
			children = (
				3FE165652C7D17B00001DEBA /* ToDoModel.swift */,
			);
			path = Entities;
			sourceTree = "<group>";
		};
		3FE165682C7D17DE0001DEBA /* Views */ = {
			isa = PBXGroup;
			children = (
				3FE165522C7D117A0001DEBA /* ContentView.swift */,
				3FE1656D2C7D18760001DEBA /* TodoRow.swift */,
				3FE1656F2C7D188E0001DEBA /* AddTodoView.swift */,
				3FE1657F2C7DCC620001DEBA /* UpdateTodoView.swift */,
			);
			path = Views;
			sourceTree = "<group>";
		};
		3FE1656A2C7D17FC0001DEBA /* Router */ = {
			isa = PBXGroup;
			children = (
				3FE165752C7D18E40001DEBA /* Router.swift */,
			);
			path = Router;
			sourceTree = "<group>";
		};
		3FE1656B2C7D18470001DEBA /* Presenters */ = {
			isa = PBXGroup;
			children = (
				3FE165712C7D18AA0001DEBA /* Presenter.swift */,
			);
			path = Presenters;
			sourceTree = "<group>";
		};
		3FE1656C2C7D18550001DEBA /* Interactors */ = {
			isa = PBXGroup;
			children = (
				3FE165732C7D18CF0001DEBA /* Interactor.swift */,
			);
			path = Interactors;
			sourceTree = "<group>";
		};
		3FE165772C7D19180001DEBA /* Services */ = {
			isa = PBXGroup;
			children = (
				3FE165782C7D19560001DEBA /* NetworkService.swift */,
				3FE1657D2C7D1A220001DEBA /* Operations.swift */,
			);
			path = Services;
			sourceTree = "<group>";
		};
		3FE1657C2C7D19C00001DEBA /* CoreData */ = {
			isa = PBXGroup;
			children = (
				3FE165612C7D17550001DEBA /* TodoModel_CoreData.swift */,
				3FE1655E2C7D12320001DEBA /* DataModel.xcdatamodeld */,
				3FE165632C7D17810001DEBA /* CoreDataStorageService.swift */,
				3FE1657A2C7D19950001DEBA /* Persistence.swift */,
			);
			path = CoreData;
			sourceTree = "<group>";
		};
/* End PBXGroup section */

/* Begin PBXNativeTarget section */
		3FE1654C2C7D117A0001DEBA /* EffectiveMobile_Todo */ = {
			isa = PBXNativeTarget;
			buildConfigurationList = 3FE1655B2C7D117B0001DEBA /* Build configuration list for PBXNativeTarget "EffectiveMobile_Todo" */;
			buildPhases = (
				3FE165492C7D117A0001DEBA /* Sources */,
				3FE1654A2C7D117A0001DEBA /* Frameworks */,
				3FE1654B2C7D117A0001DEBA /* Resources */,
			);
			buildRules = (
			);
			dependencies = (
			);
			name = EffectiveMobile_Todo;
			productName = EffectiveMobile_Todo;
			productReference = 3FE1654D2C7D117A0001DEBA /* EffectiveMobile_Todo.app */;
			productType = "com.apple.product-type.application";
		};
/* End PBXNativeTarget section */

/* Begin PBXProject section */
		3FE165452C7D117A0001DEBA /* Project object */ = {
			isa = PBXProject;
			attributes = {
				BuildIndependentTargetsInParallel = 1;
				LastSwiftUpdateCheck = 1530;
				LastUpgradeCheck = 1530;
				TargetAttributes = {
					3FE1654C2C7D117A0001DEBA = {
						CreatedOnToolsVersion = 15.3;
					};
				};
			};
			buildConfigurationList = 3FE165482C7D117A0001DEBA /* Build configuration list for PBXProject "EffectiveMobile_Todo" */;
			compatibilityVersion = "Xcode 14.0";
			developmentRegion = en;
			hasScannedForEncodings = 0;
			knownRegions = (
				en,
				Base,
			);
			mainGroup = 3FE165442C7D117A0001DEBA;
			productRefGroup = 3FE1654E2C7D117A0001DEBA /* Products */;
			projectDirPath = "";
			projectRoot = "";
			targets = (
				3FE1654C2C7D117A0001DEBA /* EffectiveMobile_Todo */,
			);
		};
/* End PBXProject section */

/* Begin PBXResourcesBuildPhase section */
		3FE1654B2C7D117A0001DEBA /* Resources */ = {
			isa = PBXResourcesBuildPhase;
			buildActionMask = 2147483647;
			files = (
				3FE165582C7D117B0001DEBA /* Preview Assets.xcassets in Resources */,
				3FE165552C7D117B0001DEBA /* Assets.xcassets in Resources */,
			);
			runOnlyForDeploymentPostprocessing = 0;
		};
/* End PBXResourcesBuildPhase section */

/* Begin PBXSourcesBuildPhase section */
		3FE165492C7D117A0001DEBA /* Sources */ = {
			isa = PBXSourcesBuildPhase;
			buildActionMask = 2147483647;
			files = (
				3FE165802C7DCC620001DEBA /* UpdateTodoView.swift in Sources */,
				3FE165722C7D18AA0001DEBA /* Presenter.swift in Sources */,
				3FE165622C7D17550001DEBA /* TodoModel_CoreData.swift in Sources */,
				3FE165742C7D18CF0001DEBA /* Interactor.swift in Sources */,
				3FE1657E2C7D1A220001DEBA /* Operations.swift in Sources */,
				3FE1656E2C7D18760001DEBA /* TodoRow.swift in Sources */,
				3FE165602C7D12320001DEBA /* DataModel.xcdatamodeld in Sources */,
				3FE165532C7D117A0001DEBA /* ContentView.swift in Sources */,
				3FE165642C7D17810001DEBA /* CoreDataStorageService.swift in Sources */,
				3FE1657B2C7D19960001DEBA /* Persistence.swift in Sources */,
				3FE165512C7D117A0001DEBA /* EffectiveMobile_TodoApp.swift in Sources */,
				3FE165702C7D188E0001DEBA /* AddTodoView.swift in Sources */,
				3FE165662C7D17B00001DEBA /* ToDoModel.swift in Sources */,
				3FE165792C7D19560001DEBA /* NetworkService.swift in Sources */,
				3FE165762C7D18E40001DEBA /* Router.swift in Sources */,
			);
			runOnlyForDeploymentPostprocessing = 0;
		};
/* End PBXSourcesBuildPhase section */

/* Begin XCBuildConfiguration section */
		3FE165592C7D117B0001DEBA /* Debug */ = {
			isa = XCBuildConfiguration;
			buildSettings = {
				ALWAYS_SEARCH_USER_PATHS = NO;
				ASSETCATALOG_COMPILER_GENERATE_SWIFT_ASSET_SYMBOL_EXTENSIONS = YES;
				CLANG_ANALYZER_NONNULL = YES;
				CLANG_ANALYZER_NUMBER_OBJECT_CONVERSION = YES_AGGRESSIVE;
				CLANG_CXX_LANGUAGE_STANDARD = "gnu++20";
				CLANG_ENABLE_MODULES = YES;
				CLANG_ENABLE_OBJC_ARC = YES;
				CLANG_ENABLE_OBJC_WEAK = YES;
				CLANG_WARN_BLOCK_CAPTURE_AUTORELEASING = YES;
				CLANG_WARN_BOOL_CONVERSION = YES;
				CLANG_WARN_COMMA = YES;
				CLANG_WARN_CONSTANT_CONVERSION = YES;
				CLANG_WARN_DEPRECATED_OBJC_IMPLEMENTATIONS = YES;
				CLANG_WARN_DIRECT_OBJC_ISA_USAGE = YES_ERROR;
				CLANG_WARN_DOCUMENTATION_COMMENTS = YES;
				CLANG_WARN_EMPTY_BODY = YES;
				CLANG_WARN_ENUM_CONVERSION = YES;
				CLANG_WARN_INFINITE_RECURSION = YES;
				CLANG_WARN_INT_CONVERSION = YES;
				CLANG_WARN_NON_LITERAL_NULL_CONVERSION = YES;
				CLANG_WARN_OBJC_IMPLICIT_RETAIN_SELF = YES;
				CLANG_WARN_OBJC_LITERAL_CONVERSION = YES;
				CLANG_WARN_OBJC_ROOT_CLASS = YES_ERROR;
				CLANG_WARN_QUOTED_INCLUDE_IN_FRAMEWORK_HEADER = YES;
				CLANG_WARN_RANGE_LOOP_ANALYSIS = YES;
				CLANG_WARN_STRICT_PROTOTYPES = YES;
				CLANG_WARN_SUSPICIOUS_MOVE = YES;
				CLANG_WARN_UNGUARDED_AVAILABILITY = YES_AGGRESSIVE;
				CLANG_WARN_UNREACHABLE_CODE = YES;
				CLANG_WARN__DUPLICATE_METHOD_MATCH = YES;
				COPY_PHASE_STRIP = NO;
				DEBUG_INFORMATION_FORMAT = dwarf;
				ENABLE_STRICT_OBJC_MSGSEND = YES;
				ENABLE_TESTABILITY = YES;
				ENABLE_USER_SCRIPT_SANDBOXING = YES;
				GCC_C_LANGUAGE_STANDARD = gnu17;
				GCC_DYNAMIC_NO_PIC = NO;
				GCC_NO_COMMON_BLOCKS = YES;
				GCC_OPTIMIZATION_LEVEL = 0;
				GCC_PREPROCESSOR_DEFINITIONS = (
					"DEBUG=1",
					"$(inherited)",
				);
				GCC_WARN_64_TO_32_BIT_CONVERSION = YES;
				GCC_WARN_ABOUT_RETURN_TYPE = YES_ERROR;
				GCC_WARN_UNDECLARED_SELECTOR = YES;
				GCC_WARN_UNINITIALIZED_AUTOS = YES_AGGRESSIVE;
				GCC_WARN_UNUSED_FUNCTION = YES;
				GCC_WARN_UNUSED_VARIABLE = YES;
				IPHONEOS_DEPLOYMENT_TARGET = 17.4;
				LOCALIZATION_PREFERS_STRING_CATALOGS = YES;
				MTL_ENABLE_DEBUG_INFO = INCLUDE_SOURCE;
				MTL_FAST_MATH = YES;
				ONLY_ACTIVE_ARCH = YES;
				SDKROOT = iphoneos;
				SWIFT_ACTIVE_COMPILATION_CONDITIONS = "DEBUG $(inherited)";
				SWIFT_OPTIMIZATION_LEVEL = "-Onone";
			};
			name = Debug;
		};
		3FE1655A2C7D117B0001DEBA /* Release */ = {
			isa = XCBuildConfiguration;
			buildSettings = {
				ALWAYS_SEARCH_USER_PATHS = NO;
				ASSETCATALOG_COMPILER_GENERATE_SWIFT_ASSET_SYMBOL_EXTENSIONS = YES;
				CLANG_ANALYZER_NONNULL = YES;
				CLANG_ANALYZER_NUMBER_OBJECT_CONVERSION = YES_AGGRESSIVE;
				CLANG_CXX_LANGUAGE_STANDARD = "gnu++20";
				CLANG_ENABLE_MODULES = YES;
				CLANG_ENABLE_OBJC_ARC = YES;
				CLANG_ENABLE_OBJC_WEAK = YES;
				CLANG_WARN_BLOCK_CAPTURE_AUTORELEASING = YES;
				CLANG_WARN_BOOL_CONVERSION = YES;
				CLANG_WARN_COMMA = YES;
				CLANG_WARN_CONSTANT_CONVERSION = YES;
				CLANG_WARN_DEPRECATED_OBJC_IMPLEMENTATIONS = YES;
				CLANG_WARN_DIRECT_OBJC_ISA_USAGE = YES_ERROR;
				CLANG_WARN_DOCUMENTATION_COMMENTS = YES;
				CLANG_WARN_EMPTY_BODY = YES;
				CLANG_WARN_ENUM_CONVERSION = YES;
				CLANG_WARN_INFINITE_RECURSION = YES;
				CLANG_WARN_INT_CONVERSION = YES;
				CLANG_WARN_NON_LITERAL_NULL_CONVERSION = YES;
				CLANG_WARN_OBJC_IMPLICIT_RETAIN_SELF = YES;
				CLANG_WARN_OBJC_LITERAL_CONVERSION = YES;
				CLANG_WARN_OBJC_ROOT_CLASS = YES_ERROR;
				CLANG_WARN_QUOTED_INCLUDE_IN_FRAMEWORK_HEADER = YES;
				CLANG_WARN_RANGE_LOOP_ANALYSIS = YES;
				CLANG_WARN_STRICT_PROTOTYPES = YES;
				CLANG_WARN_SUSPICIOUS_MOVE = YES;
				CLANG_WARN_UNGUARDED_AVAILABILITY = YES_AGGRESSIVE;
				CLANG_WARN_UNREACHABLE_CODE = YES;
				CLANG_WARN__DUPLICATE_METHOD_MATCH = YES;
				COPY_PHASE_STRIP = NO;
				DEBUG_INFORMATION_FORMAT = "dwarf-with-dsym";
				ENABLE_NS_ASSERTIONS = NO;
				ENABLE_STRICT_OBJC_MSGSEND = YES;
				ENABLE_USER_SCRIPT_SANDBOXING = YES;
				GCC_C_LANGUAGE_STANDARD = gnu17;
				GCC_NO_COMMON_BLOCKS = YES;
				GCC_WARN_64_TO_32_BIT_CONVERSION = YES;
				GCC_WARN_ABOUT_RETURN_TYPE = YES_ERROR;
				GCC_WARN_UNDECLARED_SELECTOR = YES;
				GCC_WARN_UNINITIALIZED_AUTOS = YES_AGGRESSIVE;
				GCC_WARN_UNUSED_FUNCTION = YES;
				GCC_WARN_UNUSED_VARIABLE = YES;
				IPHONEOS_DEPLOYMENT_TARGET = 17.4;
				LOCALIZATION_PREFERS_STRING_CATALOGS = YES;
				MTL_ENABLE_DEBUG_INFO = NO;
				MTL_FAST_MATH = YES;
				SDKROOT = iphoneos;
				SWIFT_COMPILATION_MODE = wholemodule;
				VALIDATE_PRODUCT = YES;
			};
			name = Release;
		};
		3FE1655C2C7D117B0001DEBA /* Debug */ = {
			isa = XCBuildConfiguration;
			buildSettings = {
				ASSETCATALOG_COMPILER_APPICON_NAME = AppIcon;
				ASSETCATALOG_COMPILER_GLOBAL_ACCENT_COLOR_NAME = AccentColor;
				CODE_SIGN_STYLE = Automatic;
				CURRENT_PROJECT_VERSION = 1;
				DEVELOPMENT_ASSET_PATHS = "\"EffectiveMobile_Todo/Preview Content\"";
				DEVELOPMENT_TEAM = UBRTH86SZ3;
				ENABLE_PREVIEWS = YES;
				GENERATE_INFOPLIST_FILE = YES;
				INFOPLIST_KEY_UIApplicationSceneManifest_Generation = YES;
				INFOPLIST_KEY_UIApplicationSupportsIndirectInputEvents = YES;
				INFOPLIST_KEY_UILaunchScreen_Generation = YES;
				INFOPLIST_KEY_UISupportedInterfaceOrientations_iPad = "UIInterfaceOrientationPortrait UIInterfaceOrientationPortraitUpsideDown UIInterfaceOrientationLandscapeLeft UIInterfaceOrientationLandscapeRight";
				INFOPLIST_KEY_UISupportedInterfaceOrientations_iPhone = "UIInterfaceOrientationPortrait UIInterfaceOrientationLandscapeLeft UIInterfaceOrientationLandscapeRight";
				LD_RUNPATH_SEARCH_PATHS = (
					"$(inherited)",
					"@executable_path/Frameworks",
				);
				MARKETING_VERSION = 1.0;
				PRODUCT_BUNDLE_IDENTIFIER = "kairatovalmat.EffectiveMobile-Todo";
				PRODUCT_NAME = "$(TARGET_NAME)";
				SWIFT_EMIT_LOC_STRINGS = YES;
				SWIFT_VERSION = 5.0;
				TARGETED_DEVICE_FAMILY = "1,2";
			};
			name = Debug;
		};
		3FE1655D2C7D117B0001DEBA /* Release */ = {
			isa = XCBuildConfiguration;
			buildSettings = {
				ASSETCATALOG_COMPILER_APPICON_NAME = AppIcon;
				ASSETCATALOG_COMPILER_GLOBAL_ACCENT_COLOR_NAME = AccentColor;
				CODE_SIGN_STYLE = Automatic;
				CURRENT_PROJECT_VERSION = 1;
				DEVELOPMENT_ASSET_PATHS = "\"EffectiveMobile_Todo/Preview Content\"";
				DEVELOPMENT_TEAM = UBRTH86SZ3;
				ENABLE_PREVIEWS = YES;
				GENERATE_INFOPLIST_FILE = YES;
				INFOPLIST_KEY_UIApplicationSceneManifest_Generation = YES;
				INFOPLIST_KEY_UIApplicationSupportsIndirectInputEvents = YES;
				INFOPLIST_KEY_UILaunchScreen_Generation = YES;
				INFOPLIST_KEY_UISupportedInterfaceOrientations_iPad = "UIInterfaceOrientationPortrait UIInterfaceOrientationPortraitUpsideDown UIInterfaceOrientationLandscapeLeft UIInterfaceOrientationLandscapeRight";
				INFOPLIST_KEY_UISupportedInterfaceOrientations_iPhone = "UIInterfaceOrientationPortrait UIInterfaceOrientationLandscapeLeft UIInterfaceOrientationLandscapeRight";
				LD_RUNPATH_SEARCH_PATHS = (
					"$(inherited)",
					"@executable_path/Frameworks",
				);
				MARKETING_VERSION = 1.0;
				PRODUCT_BUNDLE_IDENTIFIER = "kairatovalmat.EffectiveMobile-Todo";
				PRODUCT_NAME = "$(TARGET_NAME)";
				SWIFT_EMIT_LOC_STRINGS = YES;
				SWIFT_VERSION = 5.0;
				TARGETED_DEVICE_FAMILY = "1,2";
			};
			name = Release;
		};
/* End XCBuildConfiguration section */

/* Begin XCConfigurationList section */
		3FE165482C7D117A0001DEBA /* Build configuration list for PBXProject "EffectiveMobile_Todo" */ = {
			isa = XCConfigurationList;
			buildConfigurations = (
				3FE165592C7D117B0001DEBA /* Debug */,
				3FE1655A2C7D117B0001DEBA /* Release */,
			);
			defaultConfigurationIsVisible = 0;
			defaultConfigurationName = Release;
		};
		3FE1655B2C7D117B0001DEBA /* Build configuration list for PBXNativeTarget "EffectiveMobile_Todo" */ = {
			isa = XCConfigurationList;
			buildConfigurations = (
				3FE1655C2C7D117B0001DEBA /* Debug */,
				3FE1655D2C7D117B0001DEBA /* Release */,
			);
			defaultConfigurationIsVisible = 0;
			defaultConfigurationName = Release;
		};
/* End XCConfigurationList section */

/* Begin XCVersionGroup section */
		3FE1655E2C7D12320001DEBA /* DataModel.xcdatamodeld */ = {
			isa = XCVersionGroup;
			children = (
				3FE1655F2C7D12320001DEBA /* DataModel.xcdatamodel */,
			);
			currentVersion = 3FE1655F2C7D12320001DEBA /* DataModel.xcdatamodel */;
			path = DataModel.xcdatamodeld;
			sourceTree = "<group>";
			versionGroupType = wrapper.xcdatamodel;
		};
/* End XCVersionGroup section */
	};
	rootObject = 3FE165452C7D117A0001DEBA /* Project object */;
}
